// !$*UTF8*$!
{
	archiveVersion = 1;
	classes = {
	};
	objectVersion = 50;
	objects = {

/* Begin PBXBuildFile section */
		18C6F67423E6F5430025EDA1 /* main.swift in Sources */ = {isa = PBXBuildFile; fileRef = 18C6F67323E6F5430025EDA1 /* main.swift */; };
		18C6F67B23E6F5630025EDA1 /* sort() in array.swift in Sources */ = {isa = PBXBuildFile; fileRef = 18C6F67A23E6F5630025EDA1 /* sort() in array.swift */; };
		18C6F67D23E6F6E70025EDA1 /* in hinh sao 1.swift in Sources */ = {isa = PBXBuildFile; fileRef = 18C6F67C23E6F6E70025EDA1 /* in hinh sao 1.swift */; };
		18C6F67F23E703480025EDA1 /* in hinh sao 2.swift in Sources */ = {isa = PBXBuildFile; fileRef = 18C6F67E23E703480025EDA1 /* in hinh sao 2.swift */; };
		18C6F68123E7060E0025EDA1 /* ngay thang nam.swift in Sources */ = {isa = PBXBuildFile; fileRef = 18C6F68023E7060E0025EDA1 /* ngay thang nam.swift */; };
/* End PBXBuildFile section */

/* Begin PBXCopyFilesBuildPhase section */
		18C6F66E23E6F5430025EDA1 /* CopyFiles */ = {
			isa = PBXCopyFilesBuildPhase;
			buildActionMask = 2147483647;
			dstPath = /usr/share/man/man1/;
			dstSubfolderSpec = 0;
			files = (
			);
			runOnlyForDeploymentPostprocessing = 1;
		};
/* End PBXCopyFilesBuildPhase section */

/* Begin PBXFileReference section */
		18C6F67023E6F5430025EDA1 /* bt Tet logic */ = {isa = PBXFileReference; explicitFileType = "compiled.mach-o.executable"; includeInIndex = 0; path = "bt Tet logic"; sourceTree = BUILT_PRODUCTS_DIR; };
		18C6F67323E6F5430025EDA1 /* main.swift */ = {isa = PBXFileReference; lastKnownFileType = sourcecode.swift; path = main.swift; sourceTree = "<group>"; };
		18C6F67A23E6F5630025EDA1 /* sort() in array.swift */ = {isa = PBXFileReference; lastKnownFileType = sourcecode.swift; path = "sort() in array.swift"; sourceTree = "<group>"; };
		18C6F67C23E6F6E70025EDA1 /* in hinh sao 1.swift */ = {isa = PBXFileReference; lastKnownFileType = sourcecode.swift; path = "in hinh sao 1.swift"; sourceTree = "<group>"; };
		18C6F67E23E703480025EDA1 /* in hinh sao 2.swift */ = {isa = PBXFileReference; lastKnownFileType = sourcecode.swift; path = "in hinh sao 2.swift"; sourceTree = "<group>"; };
		18C6F68023E7060E0025EDA1 /* ngay thang nam.swift */ = {isa = PBXFileReference; lastKnownFileType = sourcecode.swift; path = "ngay thang nam.swift"; sourceTree = "<group>"; };
/* End PBXFileReference section */

/* Begin PBXFrameworksBuildPhase section */
		18C6F66D23E6F5430025EDA1 /* Frameworks */ = {
			isa = PBXFrameworksBuildPhase;
			buildActionMask = 2147483647;
			files = (
			);
			runOnlyForDeploymentPostprocessing = 0;
		};
/* End PBXFrameworksBuildPhase section */

/* Begin PBXGroup section */
		18C6F66723E6F5430025EDA1 = {
			isa = PBXGroup;
			children = (
				18C6F67223E6F5430025EDA1 /* bt Tet logic */,
				18C6F67123E6F5430025EDA1 /* Products */,
			);
			sourceTree = "<group>";
		};
		18C6F67123E6F5430025EDA1 /* Products */ = {
			isa = PBXGroup;
			children = (
				18C6F67023E6F5430025EDA1 /* bt Tet logic */,
			);
			name = Products;
			sourceTree = "<group>";
		};
		18C6F67223E6F5430025EDA1 /* bt Tet logic */ = {
			isa = PBXGroup;
			children = (
				18C6F67323E6F5430025EDA1 /* main.swift */,
				18C6F68023E7060E0025EDA1 /* ngay thang nam.swift */,
				18C6F67E23E703480025EDA1 /* in hinh sao 2.swift */,
				18C6F67C23E6F6E70025EDA1 /* in hinh sao 1.swift */,
				18C6F67A23E6F5630025EDA1 /* sort() in array.swift */,
			);
			path = "bt Tet logic";
			sourceTree = "<group>";
		};
/* End PBXGroup section */

/* Begin PBXNativeTarget section */
		18C6F66F23E6F5430025EDA1 /* bt Tet logic */ = {
			isa = PBXNativeTarget;
			buildConfigurationList = 18C6F67723E6F5430025EDA1 /* Build configuration list for PBXNativeTarget "bt Tet logic" */;
			buildPhases = (
				18C6F66C23E6F5430025EDA1 /* Sources */,
				18C6F66D23E6F5430025EDA1 /* Frameworks */,
				18C6F66E23E6F5430025EDA1 /* CopyFiles */,
			);
			buildRules = (
			);
			dependencies = (
			);
			name = "bt Tet logic";
			productName = "bt Tet logic";
			productReference = 18C6F67023E6F5430025EDA1 /* bt Tet logic */;
			productType = "com.apple.product-type.tool";
		};
/* End PBXNativeTarget section */

/* Begin PBXProject section */
		18C6F66823E6F5430025EDA1 /* Project object */ = {
			isa = PBXProject;
			attributes = {
				LastSwiftUpdateCheck = 1130;
				LastUpgradeCheck = 1130;
				ORGANIZATIONNAME = Apple;
				TargetAttributes = {
					18C6F66F23E6F5430025EDA1 = {
						CreatedOnToolsVersion = 11.3;
					};
				};
			};
			buildConfigurationList = 18C6F66B23E6F5430025EDA1 /* Build configuration list for PBXProject "bt Tet logic" */;
			compatibilityVersion = "Xcode 9.3";
			developmentRegion = en;
			hasScannedForEncodings = 0;
			knownRegions = (
				en,
				Base,
			);
			mainGroup = 18C6F66723E6F5430025EDA1;
			productRefGroup = 18C6F67123E6F5430025EDA1 /* Products */;
			projectDirPath = "";
			projectRoot = "";
			targets = (
				18C6F66F23E6F5430025EDA1 /* bt Tet logic */,
			);
		};
/* End PBXProject section */

/* Begin PBXSourcesBuildPhase section */
		18C6F66C23E6F5430025EDA1 /* Sources */ = {
			isa = PBXSourcesBuildPhase;
			buildActionMask = 2147483647;
			files = (
				18C6F67423E6F5430025EDA1 /* main.swift in Sources */,
				18C6F67F23E703480025EDA1 /* in hinh sao 2.swift in Sources */,
				18C6F67B23E6F5630025EDA1 /* sort() in array.swift in Sources */,
				18C6F68123E7060E0025EDA1 /* ngay thang nam.swift in Sources */,
				18C6F67D23E6F6E70025EDA1 /* in hinh sao 1.swift in Sources */,
			);
			runOnlyForDeploymentPostprocessing = 0;
		};
/* End PBXSourcesBuildPhase section */

/* Begin XCBuildConfiguration section */
		18C6F67523E6F5430025EDA1 /* Debug */ = {
			isa = XCBuildConfiguration;
			buildSettings = {
				ALWAYS_SEARCH_USER_PATHS = NO;
				CLANG_ANALYZER_NONNULL = YES;
				CLANG_ANALYZER_NUMBER_OBJECT_CONVERSION = YES_AGGRESSIVE;
				CLANG_CXX_LANGUAGE_STANDARD = "gnu++14";
				CLANG_CXX_LIBRARY = "libc++";
				CLANG_ENABLE_MODULES = YES;
				CLANG_ENABLE_OBJC_ARC = YES;
				CLANG_ENABLE_OBJC_WEAK = YES;
				CLANG_WARN_BLOCK_CAPTURE_AUTORELEASING = YES;
				CLANG_WARN_BOOL_CONVERSION = YES;
				CLANG_WARN_COMMA = YES;
				CLANG_WARN_CONSTANT_CONVERSION = YES;
				CLANG_WARN_DEPRECATED_OBJC_IMPLEMENTATIONS = YES;
				CLANG_WARN_DIRECT_OBJC_ISA_USAGE = YES_ERROR;
				CLANG_WARN_DOCUMENTATION_COMMENTS = YES;
				CLANG_WARN_EMPTY_BODY = YES;
				CLANG_WARN_ENUM_CONVERSION = YES;
				CLANG_WARN_INFINITE_RECURSION = YES;
				CLANG_WARN_INT_CONVERSION = YES;
				CLANG_WARN_NON_LITERAL_NULL_CONVERSION = YES;
				CLANG_WARN_OBJC_IMPLICIT_RETAIN_SELF = YES;
				CLANG_WARN_OBJC_LITERAL_CONVERSION = YES;
				CLANG_WARN_OBJC_ROOT_CLASS = YES_ERROR;
				CLANG_WARN_RANGE_LOOP_ANALYSIS = YES;
				CLANG_WARN_STRICT_PROTOTYPES = YES;
				CLANG_WARN_SUSPICIOUS_MOVE = YES;
				CLANG_WARN_UNGUARDED_AVAILABILITY = YES_AGGRESSIVE;
				CLANG_WARN_UNREACHABLE_CODE = YES;
				CLANG_WARN__DUPLICATE_METHOD_MATCH = YES;
				COPY_PHASE_STRIP = NO;
				DEBUG_INFORMATION_FORMAT = dwarf;
				ENABLE_STRICT_OBJC_MSGSEND = YES;
				ENABLE_TESTABILITY = YES;
				GCC_C_LANGUAGE_STANDARD = gnu11;
				GCC_DYNAMIC_NO_PIC = NO;
				GCC_NO_COMMON_BLOCKS = YES;
				GCC_OPTIMIZATION_LEVEL = 0;
				GCC_PREPROCESSOR_DEFINITIONS = (
					"DEBUG=1",
					"$(inherited)",
				);
				GCC_WARN_64_TO_32_BIT_CONVERSION = YES;
				GCC_WARN_ABOUT_RETURN_TYPE = YES_ERROR;
				GCC_WARN_UNDECLARED_SELECTOR = YES;
				GCC_WARN_UNINITIALIZED_AUTOS = YES_AGGRESSIVE;
				GCC_WARN_UNUSED_FUNCTION = YES;
				GCC_WARN_UNUSED_VARIABLE = YES;
				MACOSX_DEPLOYMENT_TARGET = 10.15;
				MTL_ENABLE_DEBUG_INFO = INCLUDE_SOURCE;
				MTL_FAST_MATH = YES;
				ONLY_ACTIVE_ARCH = YES;
				SDKROOT = macosx;
				SWIFT_ACTIVE_COMPILATION_CONDITIONS = DEBUG;
				SWIFT_OPTIMIZATION_LEVEL = "-Onone";
			};
			name = Debug;
		};
		18C6F67623E6F5430025EDA1 /* Release */ = {
			isa = XCBuildConfiguration;
			buildSettings = {
				ALWAYS_SEARCH_USER_PATHS = NO;
				CLANG_ANALYZER_NONNULL = YES;
				CLANG_ANALYZER_NUMBER_OBJECT_CONVERSION = YES_AGGRESSIVE;
				CLANG_CXX_LANGUAGE_STANDARD = "gnu++14";
				CLANG_CXX_LIBRARY = "libc++";
				CLANG_ENABLE_MODULES = YES;
				CLANG_ENABLE_OBJC_ARC = YES;
				CLANG_ENABLE_OBJC_WEAK = YES;
				CLANG_WARN_BLOCK_CAPTURE_AUTORELEASING = YES;
				CLANG_WARN_BOOL_CONVERSION = YES;
				CLANG_WARN_COMMA = YES;
				CLANG_WARN_CONSTANT_CONVERSION = YES;
				CLANG_WARN_DEPRECATED_OBJC_IMPLEMENTATIONS = YES;
				CLANG_WARN_DIRECT_OBJC_ISA_USAGE = YES_ERROR;
				CLANG_WARN_DOCUMENTATION_COMMENTS = YES;
				CLANG_WARN_EMPTY_BODY = YES;
				CLANG_WARN_ENUM_CONVERSION = YES;
				CLANG_WARN_INFINITE_RECURSION = YES;
				CLANG_WARN_INT_CONVERSION = YES;
				CLANG_WARN_NON_LITERAL_NULL_CONVERSION = YES;
				CLANG_WARN_OBJC_IMPLICIT_RETAIN_SELF = YES;
				CLANG_WARN_OBJC_LITERAL_CONVERSION = YES;
				CLANG_WARN_OBJC_ROOT_CLASS = YES_ERROR;
				CLANG_WARN_RANGE_LOOP_ANALYSIS = YES;
				CLANG_WARN_STRICT_PROTOTYPES = YES;
				CLANG_WARN_SUSPICIOUS_MOVE = YES;
				CLANG_WARN_UNGUARDED_AVAILABILITY = YES_AGGRESSIVE;
				CLANG_WARN_UNREACHABLE_CODE = YES;
				CLANG_WARN__DUPLICATE_METHOD_MATCH = YES;
				COPY_PHASE_STRIP = NO;
				DEBUG_INFORMATION_FORMAT = "dwarf-with-dsym";
				ENABLE_NS_ASSERTIONS = NO;
				ENABLE_STRICT_OBJC_MSGSEND = YES;
				GCC_C_LANGUAGE_STANDARD = gnu11;
				GCC_NO_COMMON_BLOCKS = YES;
				GCC_WARN_64_TO_32_BIT_CONVERSION = YES;
				GCC_WARN_ABOUT_RETURN_TYPE = YES_ERROR;
				GCC_WARN_UNDECLARED_SELECTOR = YES;
				GCC_WARN_UNINITIALIZED_AUTOS = YES_AGGRESSIVE;
				GCC_WARN_UNUSED_FUNCTION = YES;
				GCC_WARN_UNUSED_VARIABLE = YES;
				MACOSX_DEPLOYMENT_TARGET = 10.15;
				MTL_ENABLE_DEBUG_INFO = NO;
				MTL_FAST_MATH = YES;
				SDKROOT = macosx;
				SWIFT_COMPILATION_MODE = wholemodule;
				SWIFT_OPTIMIZATION_LEVEL = "-O";
			};
			name = Release;
		};
		18C6F67823E6F5430025EDA1 /* Debug */ = {
			isa = XCBuildConfiguration;
			buildSettings = {
				CODE_SIGN_STYLE = Automatic;
				DEVELOPMENT_TEAM = 5N355L3R7C;
				ENABLE_HARDENED_RUNTIME = YES;
				PRODUCT_NAME = "$(TARGET_NAME)";
				SWIFT_VERSION = 5.0;
			};
			name = Debug;
		};
		18C6F67923E6F5430025EDA1 /* Release */ = {
			isa = XCBuildConfiguration;
			buildSettings = {
				CODE_SIGN_STYLE = Automatic;
				DEVELOPMENT_TEAM = 5N355L3R7C;
				ENABLE_HARDENED_RUNTIME = YES;
				PRODUCT_NAME = "$(TARGET_NAME)";
				SWIFT_VERSION = 5.0;
			};
			name = Release;
		};
/* End XCBuildConfiguration section */

/* Begin XCConfigurationList section */
		18C6F66B23E6F5430025EDA1 /* Build configuration list for PBXProject "bt Tet logic" */ = {
			isa = XCConfigurationList;
			buildConfigurations = (
				18C6F67523E6F5430025EDA1 /* Debug */,
				18C6F67623E6F5430025EDA1 /* Release */,
			);
			defaultConfigurationIsVisible = 0;
			defaultConfigurationName = Release;
		};
		18C6F67723E6F5430025EDA1 /* Build configuration list for PBXNativeTarget "bt Tet logic" */ = {
			isa = XCConfigurationList;
			buildConfigurations = (
				18C6F67823E6F5430025EDA1 /* Debug */,
				18C6F67923E6F5430025EDA1 /* Release */,
			);
			defaultConfigurationIsVisible = 0;
			defaultConfigurationName = Release;
		};
/* End XCConfigurationList section */
	};
	rootObject = 18C6F66823E6F5430025EDA1 /* Project object */;
}
